
Microsoft Visual Studio Solution File, Format Version 12.00
# Visual Studio 2013
VisualStudioVersion = 12.0.21005.1
MinimumVisualStudioVersion = 10.0.40219.1
Project("{8BC9CEB8-8B4A-11D0-8D11-00A0C91BC942}") = "AIEFramework", "AIEFramework\AIEFramework_vs2013.vcxproj", "{BBD02D30-A9A5-41ED-9C12-67EC17B5C08B}"
EndProject
Project("{8BC9CEB8-8B4A-11D0-8D11-00A0C91BC942}") = "FBXLoader", "..\tools\FBXLoader\FBXLoader_vs2013.vcxproj", "{5D056CED-A513-41EE-A0DD-6ECFE546F6B0}"
EndProject
Project("{8BC9CEB8-8B4A-11D0-8D11-00A0C91BC942}") = "Tutorial1", "Tutorial1\Tutorial1.vcxproj", "{5CB750F3-E330-4F95-BC38-AB991FCBE419}"
EndProject
Project("{8BC9CEB8-8B4A-11D0-8D11-00A0C91BC942}") = "Tutorial_2", "Tutorial_2\Tutorial_2.vcxproj", "{C691C491-1D9A-4DC3-BBDC-9ED8CEF4FDEF}"
EndProject
Project("{8BC9CEB8-8B4A-11D0-8D11-00A0C91BC942}") = "Tutorial02_SampleFBX", "Tutorial02_SampleFBX\Tutorial02_SampleFBX.vcxproj", "{DFF45C7C-FE0F-450E-9A2C-5C279BC794BF}"
EndProject
Project("{8BC9CEB8-8B4A-11D0-8D11-00A0C91BC942}") = "TexturingTutorial", "TexturingTutorial\TexturingTutorial.vcxproj", "{BB4DDEAC-0857-4033-8EE1-B09F44059C5E}"
EndProject
Project("{8BC9CEB8-8B4A-11D0-8D11-00A0C91BC942}") = "ParticleTutorial", "ParticleTutorial\ParticleTutorial.vcxproj", "{9740E322-71CE-41CF-9EC9-0C1959820116}"
EndProject
Project("{8BC9CEB8-8B4A-11D0-8D11-00A0C91BC942}") = "LightingTutorial", "LightingTutorial\LightingTutorial.vcxproj", "{1E422F4D-DB2F-454A-92DA-5950BA36BE8A}"
EndProject
Global
	GlobalSection(SolutionConfigurationPlatforms) = preSolution
		Debug|Win32 = Debug|Win32
		Release|Win32 = Release|Win32
	EndGlobalSection
	GlobalSection(ProjectConfigurationPlatforms) = postSolution
		{BBD02D30-A9A5-41ED-9C12-67EC17B5C08B}.Debug|Win32.ActiveCfg = Debug|Win32
		{BBD02D30-A9A5-41ED-9C12-67EC17B5C08B}.Debug|Win32.Build.0 = Debug|Win32
		{BBD02D30-A9A5-41ED-9C12-67EC17B5C08B}.Release|Win32.ActiveCfg = Release|Win32
		{BBD02D30-A9A5-41ED-9C12-67EC17B5C08B}.Release|Win32.Build.0 = Release|Win32
		{5D056CED-A513-41EE-A0DD-6ECFE546F6B0}.Debug|Win32.ActiveCfg = Debug|Win32
		{5D056CED-A513-41EE-A0DD-6ECFE546F6B0}.Debug|Win32.Build.0 = Debug|Win32
		{5D056CED-A513-41EE-A0DD-6ECFE546F6B0}.Release|Win32.ActiveCfg = Release|Win32
		{5D056CED-A513-41EE-A0DD-6ECFE546F6B0}.Release|Win32.Build.0 = Release|Win32
		{5CB750F3-E330-4F95-BC38-AB991FCBE419}.Debug|Win32.ActiveCfg = Debug|Win32
		{5CB750F3-E330-4F95-BC38-AB991FCBE419}.Debug|Win32.Build.0 = Debug|Win32
		{5CB750F3-E330-4F95-BC38-AB991FCBE419}.Release|Win32.ActiveCfg = Release|Win32
		{5CB750F3-E330-4F95-BC38-AB991FCBE419}.Release|Win32.Build.0 = Release|Win32
		{C691C491-1D9A-4DC3-BBDC-9ED8CEF4FDEF}.Debug|Win32.ActiveCfg = Debug|Win32
		{C691C491-1D9A-4DC3-BBDC-9ED8CEF4FDEF}.Debug|Win32.Build.0 = Debug|Win32
		{C691C491-1D9A-4DC3-BBDC-9ED8CEF4FDEF}.Release|Win32.ActiveCfg = Release|Win32
		{C691C491-1D9A-4DC3-BBDC-9ED8CEF4FDEF}.Release|Win32.Build.0 = Release|Win32
		{DFF45C7C-FE0F-450E-9A2C-5C279BC794BF}.Debug|Win32.ActiveCfg = Debug|Win32
		{DFF45C7C-FE0F-450E-9A2C-5C279BC794BF}.Debug|Win32.Build.0 = Debug|Win32
		{DFF45C7C-FE0F-450E-9A2C-5C279BC794BF}.Release|Win32.ActiveCfg = Release|Win32
		{DFF45C7C-FE0F-450E-9A2C-5C279BC794BF}.Release|Win32.Build.0 = Release|Win32
		{BB4DDEAC-0857-4033-8EE1-B09F44059C5E}.Debug|Win32.ActiveCfg = Debug|Win32
		{BB4DDEAC-0857-4033-8EE1-B09F44059C5E}.Debug|Win32.Build.0 = Debug|Win32
		{BB4DDEAC-0857-4033-8EE1-B09F44059C5E}.Release|Win32.ActiveCfg = Release|Win32
		{BB4DDEAC-0857-4033-8EE1-B09F44059C5E}.Release|Win32.Build.0 = Release|Win32
		{9740E322-71CE-41CF-9EC9-0C1959820116}.Debug|Win32.ActiveCfg = Debug|Win32
		{9740E322-71CE-41CF-9EC9-0C1959820116}.Debug|Win32.Build.0 = Debug|Win32
		{9740E322-71CE-41CF-9EC9-0C1959820116}.Release|Win32.ActiveCfg = Release|Win32
		{9740E322-71CE-41CF-9EC9-0C1959820116}.Release|Win32.Build.0 = Release|Win32
		{1E422F4D-DB2F-454A-92DA-5950BA36BE8A}.Debug|Win32.ActiveCfg = Debug|Win32
		{1E422F4D-DB2F-454A-92DA-5950BA36BE8A}.Debug|Win32.Build.0 = Debug|Win32
		{1E422F4D-DB2F-454A-92DA-5950BA36BE8A}.Release|Win32.ActiveCfg = Release|Win32
		{1E422F4D-DB2F-454A-92DA-5950BA36BE8A}.Release|Win32.Build.0 = Release|Win32
	EndGlobalSection
	GlobalSection(SolutionProperties) = preSolution
		HideSolutionNode = FALSE
	EndGlobalSection
EndGlobal
